
Microsoft Visual Studio Solution File, Format Version 12.00
Project("{FAE04EC0-301F-11D3-BF4B-00C04F79EFBC}") = "TCPServer", "TCPServer\TCPServer.csproj", "{32D9C6EB-6CF4-47DD-A9FF-92CCB95F1E8A}"
EndProject
Project("{FAE04EC0-301F-11D3-BF4B-00C04F79EFBC}") = "WPF_TCP_CLIENT", "WPF_TCP_CLIENT\WPF_TCP_CLIENT.csproj", "{6A8D62C3-F42C-4CB9-8987-9F6989551CE4}"
EndProject
Global
	GlobalSection(SolutionConfigurationPlatforms) = preSolution
		Debug|Any CPU = Debug|Any CPU
		Release|Any CPU = Release|Any CPU
	EndGlobalSection
	GlobalSection(ProjectConfigurationPlatforms) = postSolution
		{32D9C6EB-6CF4-47DD-A9FF-92CCB95F1E8A}.Debug|Any CPU.ActiveCfg = Debug|Any CPU
		{32D9C6EB-6CF4-47DD-A9FF-92CCB95F1E8A}.Debug|Any CPU.Build.0 = Debug|Any CPU
		{32D9C6EB-6CF4-47DD-A9FF-92CCB95F1E8A}.Release|Any CPU.ActiveCfg = Release|Any CPU
		{32D9C6EB-6CF4-47DD-A9FF-92CCB95F1E8A}.Release|Any CPU.Build.0 = Release|Any CPU
		{6A8D62C3-F42C-4CB9-8987-9F6989551CE4}.Debug|Any CPU.ActiveCfg = Debug|Any CPU
		{6A8D62C3-F42C-4CB9-8987-9F6989551CE4}.Debug|Any CPU.Build.0 = Debug|Any CPU
		{6A8D62C3-F42C-4CB9-8987-9F6989551CE4}.Release|Any CPU.ActiveCfg = Release|Any CPU
		{6A8D62C3-F42C-4CB9-8987-9F6989551CE4}.Release|Any CPU.Build.0 = Release|Any CPU
	EndGlobalSection
EndGlobal
